
Microsoft Visual Studio Solution File, Format Version 12.00
# Visual Studio Version 17
VisualStudioVersion = 17.3.32929.385
MinimumVisualStudioVersion = 10.0.40219.1
Project("{FAE04EC0-301F-11D3-BF4B-00C04F79EFBC}") = "Reflection_Assembly", "Reflection_Assembly\Reflection_Assembly.csproj", "{7C0A6668-7856-42E1-B986-47F1F349AE00}"
EndProject
Project("{FAE04EC0-301F-11D3-BF4B-00C04F79EFBC}") = "MyAssembly", "MyAssembly\MyAssembly.csproj", "{98606BFE-D72B-451B-812E-5D5C4B671B6B}"
EndProject
Global
	GlobalSection(SolutionConfigurationPlatforms) = preSolution
		Debug|Any CPU = Debug|Any CPU
		Release|Any CPU = Release|Any CPU
	EndGlobalSection
	GlobalSection(ProjectConfigurationPlatforms) = postSolution
		{7C0A6668-7856-42E1-B986-47F1F349AE00}.Debug|Any CPU.ActiveCfg = Debug|Any CPU
		{7C0A6668-7856-42E1-B986-47F1F349AE00}.Debug|Any CPU.Build.0 = Debug|Any CPU
		{7C0A6668-7856-42E1-B986-47F1F349AE00}.Release|Any CPU.ActiveCfg = Release|Any CPU
		{7C0A6668-7856-42E1-B986-47F1F349AE00}.Release|Any CPU.Build.0 = Release|Any CPU
		{98606BFE-D72B-451B-812E-5D5C4B671B6B}.Debug|Any CPU.ActiveCfg = Debug|Any CPU
		{98606BFE-D72B-451B-812E-5D5C4B671B6B}.Debug|Any CPU.Build.0 = Debug|Any CPU
		{98606BFE-D72B-451B-812E-5D5C4B671B6B}.Release|Any CPU.ActiveCfg = Release|Any CPU
		{98606BFE-D72B-451B-812E-5D5C4B671B6B}.Release|Any CPU.Build.0 = Release|Any CPU
	EndGlobalSection
	GlobalSection(SolutionProperties) = preSolution
		HideSolutionNode = FALSE
	EndGlobalSection
	GlobalSection(ExtensibilityGlobals) = postSolution
		SolutionGuid = {19C70B0F-6F0F-4BA7-AC6F-EB1BD7BF4882}
	EndGlobalSection
EndGlobal
