
Microsoft Visual Studio Solution File, Format Version 12.00
# Visual Studio Version 17
VisualStudioVersion = 17.3.32929.385
MinimumVisualStudioVersion = 10.0.40219.1
Project("{FAE04EC0-301F-11D3-BF4B-00C04F79EFBC}") = "String", "String.csproj", "{196D5A31-ED09-4C6C-8D76-FC0564569687}"
EndProject
Global
	GlobalSection(SolutionConfigurationPlatforms) = preSolution
		Debug|Any CPU = Debug|Any CPU
		Release|Any CPU = Release|Any CPU
	EndGlobalSection
	GlobalSection(ProjectConfigurationPlatforms) = postSolution
		{196D5A31-ED09-4C6C-8D76-FC0564569687}.Debug|Any CPU.ActiveCfg = Debug|Any CPU
		{196D5A31-ED09-4C6C-8D76-FC0564569687}.Debug|Any CPU.Build.0 = Debug|Any CPU
		{196D5A31-ED09-4C6C-8D76-FC0564569687}.Release|Any CPU.ActiveCfg = Release|Any CPU
		{196D5A31-ED09-4C6C-8D76-FC0564569687}.Release|Any CPU.Build.0 = Release|Any CPU
	EndGlobalSection
	GlobalSection(SolutionProperties) = preSolution
		HideSolutionNode = FALSE
	EndGlobalSection
	GlobalSection(ExtensibilityGlobals) = postSolution
		SolutionGuid = {AB121D76-C052-4725-A75C-846AE0F46476}
	EndGlobalSection
EndGlobal
