
Microsoft Visual Studio Solution File, Format Version 12.00
# Visual Studio Version 17
VisualStudioVersion = 17.3.32929.385
MinimumVisualStudioVersion = 10.0.40219.1
Project("{FAE04EC0-301F-11D3-BF4B-00C04F79EFBC}") = "Calculator", "Calculator.csproj", "{6507AF32-4EE7-45FD-9026-465591ACEB5F}"
EndProject
Global
	GlobalSection(SolutionConfigurationPlatforms) = preSolution
		Debug|Any CPU = Debug|Any CPU
		Release|Any CPU = Release|Any CPU
	EndGlobalSection
	GlobalSection(ProjectConfigurationPlatforms) = postSolution
		{6507AF32-4EE7-45FD-9026-465591ACEB5F}.Debug|Any CPU.ActiveCfg = Debug|Any CPU
		{6507AF32-4EE7-45FD-9026-465591ACEB5F}.Debug|Any CPU.Build.0 = Debug|Any CPU
		{6507AF32-4EE7-45FD-9026-465591ACEB5F}.Release|Any CPU.ActiveCfg = Release|Any CPU
		{6507AF32-4EE7-45FD-9026-465591ACEB5F}.Release|Any CPU.Build.0 = Release|Any CPU
	EndGlobalSection
	GlobalSection(SolutionProperties) = preSolution
		HideSolutionNode = FALSE
	EndGlobalSection
	GlobalSection(ExtensibilityGlobals) = postSolution
		SolutionGuid = {D638DF2F-4851-4B15-926D-E5B60FC1DDE9}
	EndGlobalSection
EndGlobal
