
Microsoft Visual Studio Solution File, Format Version 12.00
# Visual Studio Version 17
VisualStudioVersion = 17.3.32929.385
MinimumVisualStudioVersion = 10.0.40219.1
Project("{FAE04EC0-301F-11D3-BF4B-00C04F79EFBC}") = "EmployeeManagementSystem", "EmployeeManagementSystem.csproj", "{FCDD1789-DB61-46A8-A3C2-8BE448AE47CF}"
EndProject
Global
	GlobalSection(SolutionConfigurationPlatforms) = preSolution
		Debug|Any CPU = Debug|Any CPU
		Release|Any CPU = Release|Any CPU
	EndGlobalSection
	GlobalSection(ProjectConfigurationPlatforms) = postSolution
		{FCDD1789-DB61-46A8-A3C2-8BE448AE47CF}.Debug|Any CPU.ActiveCfg = Debug|Any CPU
		{FCDD1789-DB61-46A8-A3C2-8BE448AE47CF}.Debug|Any CPU.Build.0 = Debug|Any CPU
		{FCDD1789-DB61-46A8-A3C2-8BE448AE47CF}.Release|Any CPU.ActiveCfg = Release|Any CPU
		{FCDD1789-DB61-46A8-A3C2-8BE448AE47CF}.Release|Any CPU.Build.0 = Release|Any CPU
	EndGlobalSection
	GlobalSection(SolutionProperties) = preSolution
		HideSolutionNode = FALSE
	EndGlobalSection
	GlobalSection(ExtensibilityGlobals) = postSolution
		SolutionGuid = {700E2296-BBA4-4DDC-81DF-3CF55C610B52}
	EndGlobalSection
EndGlobal
